
Microsoft Visual Studio Solution File, Format Version 12.00
# Visual Studio Version 17
VisualStudioVersion = 17.8.34309.116
MinimumVisualStudioVersion = 10.0.40219.1
Project("{FAE04EC0-301F-11D3-BF4B-00C04F79EFBC}") = "MessageService", "MessageService\MessageService.csproj", "{C57485A4-E0E9-4965-9E8E-06D4F1D10BFF}"
EndProject
Global
	GlobalSection(SolutionConfigurationPlatforms) = preSolution
		Debug|Any CPU = Debug|Any CPU
		Release|Any CPU = Release|Any CPU
	EndGlobalSection
	GlobalSection(ProjectConfigurationPlatforms) = postSolution
		{C57485A4-E0E9-4965-9E8E-06D4F1D10BFF}.Debug|Any CPU.ActiveCfg = Debug|Any CPU
		{C57485A4-E0E9-4965-9E8E-06D4F1D10BFF}.Debug|Any CPU.Build.0 = Debug|Any CPU
		{C57485A4-E0E9-4965-9E8E-06D4F1D10BFF}.Release|Any CPU.ActiveCfg = Release|Any CPU
		{C57485A4-E0E9-4965-9E8E-06D4F1D10BFF}.Release|Any CPU.Build.0 = Release|Any CPU
	EndGlobalSection
	GlobalSection(SolutionProperties) = preSolution
		HideSolutionNode = FALSE
	EndGlobalSection
	GlobalSection(ExtensibilityGlobals) = postSolution
		SolutionGuid = {090AD24F-115F-401D-980C-3D6E9F691F0B}
	EndGlobalSection
EndGlobal
